// !$*UTF8*$!
{
	archiveVersion = 1;
	classes = {
	};
	objectVersion = 50;
	objects = {

/* Begin PBXBuildFile section */
		A31042DD232F269B009CA971 /* ProfileCollectionViewController.swift in Sources */ = {isa = PBXBuildFile; fileRef = A31042DC232F269B009CA971 /* ProfileCollectionViewController.swift */; };
		A31042E1232F2A61009CA971 /* Push.swift in Sources */ = {isa = PBXBuildFile; fileRef = A31042E0232F2A61009CA971 /* Push.swift */; };
		A31042E3232F2F34009CA971 /* Wallet.storyboard in Resources */ = {isa = PBXBuildFile; fileRef = A31042E2232F2F34009CA971 /* Wallet.storyboard */; };
		A31042E6232F3030009CA971 /* WalletViewController.swift in Sources */ = {isa = PBXBuildFile; fileRef = A31042E5232F3030009CA971 /* WalletViewController.swift */; };
		A31A06952337EFE10024BDEF /* CollectionFeedTableViewController.swift in Sources */ = {isa = PBXBuildFile; fileRef = A31A06942337EFE10024BDEF /* CollectionFeedTableViewController.swift */; };
		A31A069B2337F17F0024BDEF /* CollectionFeedTableViewCell.swift in Sources */ = {isa = PBXBuildFile; fileRef = A31A069A2337F17F0024BDEF /* CollectionFeedTableViewCell.swift */; };
		A31A069D2337F1FD0024BDEF /* CollectionItem.swift in Sources */ = {isa = PBXBuildFile; fileRef = A31A069C2337F1FD0024BDEF /* CollectionItem.swift */; };
		A31A069F233810E10024BDEF /* CollectionItemDetailTableViewController.swift in Sources */ = {isa = PBXBuildFile; fileRef = A31A069E233810E10024BDEF /* CollectionItemDetailTableViewController.swift */; };
		A31A06A22338311F0024BDEF /* DiscoverTableViewController.swift in Sources */ = {isa = PBXBuildFile; fileRef = A31A06A12338311F0024BDEF /* DiscoverTableViewController.swift */; };
		A31A06A4233832590024BDEF /* DiscoverTableViewCell.swift in Sources */ = {isa = PBXBuildFile; fileRef = A31A06A3233832590024BDEF /* DiscoverTableViewCell.swift */; };
		A31A06A7233838610024BDEF /* MessagesViewController.swift in Sources */ = {isa = PBXBuildFile; fileRef = A31A06A6233838610024BDEF /* MessagesViewController.swift */; };
		A31A06A9233848000024BDEF /* ItemCollectionViewCell.swift in Sources */ = {isa = PBXBuildFile; fileRef = A31A06A8233848000024BDEF /* ItemCollectionViewCell.swift */; };
		A31A14CE231E09BE004C6DAE /* AppDelegate.swift in Sources */ = {isa = PBXBuildFile; fileRef = A31A14CD231E09BE004C6DAE /* AppDelegate.swift */; };
		A31A14D0231E09BE004C6DAE /* SceneDelegate.swift in Sources */ = {isa = PBXBuildFile; fileRef = A31A14CF231E09BE004C6DAE /* SceneDelegate.swift */; };
		A31A14D5231E09BE004C6DAE /* Main.storyboard in Resources */ = {isa = PBXBuildFile; fileRef = A31A14D3231E09BE004C6DAE /* Main.storyboard */; };
		A31A14D7231E09C0004C6DAE /* Assets.xcassets in Resources */ = {isa = PBXBuildFile; fileRef = A31A14D6231E09C0004C6DAE /* Assets.xcassets */; };
		A31A14DA231E09C0004C6DAE /* LaunchScreen.storyboard in Resources */ = {isa = PBXBuildFile; fileRef = A31A14D8231E09C0004C6DAE /* LaunchScreen.storyboard */; };
		A31A14E3231E0BDC004C6DAE /* Registration.storyboard in Resources */ = {isa = PBXBuildFile; fileRef = A31A14E2231E0BDC004C6DAE /* Registration.storyboard */; };
		A31A14E6231E0D4A004C6DAE /* IntroViewController.swift in Sources */ = {isa = PBXBuildFile; fileRef = A31A14E5231E0D4A004C6DAE /* IntroViewController.swift */; };
		A31A14E8231E12BB004C6DAE /* SignUpTableViewController.swift in Sources */ = {isa = PBXBuildFile; fileRef = A31A14E7231E12BB004C6DAE /* SignUpTableViewController.swift */; };
		A31A14EA231E12C6004C6DAE /* SignInViewController.swift in Sources */ = {isa = PBXBuildFile; fileRef = A31A14E9231E12C6004C6DAE /* SignInViewController.swift */; };
		A32665652330795200DF7362 /* Shop.storyboard in Resources */ = {isa = PBXBuildFile; fileRef = A32665642330795200DF7362 /* Shop.storyboard */; };
		A326656723307A3A00DF7362 /* Bag.storyboard in Resources */ = {isa = PBXBuildFile; fileRef = A326656623307A3A00DF7362 /* Bag.storyboard */; };
		A351A0C1232EEF52002F811A /* ImageService.swift in Sources */ = {isa = PBXBuildFile; fileRef = A351A0B9232EEF52002F811A /* ImageService.swift */; };
		A351A0C2232EEF52002F811A /* ActivityManager.swift in Sources */ = {isa = PBXBuildFile; fileRef = A351A0BA232EEF52002F811A /* ActivityManager.swift */; };
		A351A0C3232EEF52002F811A /* Network.swift in Sources */ = {isa = PBXBuildFile; fileRef = A351A0BB232EEF52002F811A /* Network.swift */; };
		A351A0C4232EEF52002F811A /* KeychainWrapper.swift in Sources */ = {isa = PBXBuildFile; fileRef = A351A0BC232EEF52002F811A /* KeychainWrapper.swift */; };
		A351A0C5232EEF52002F811A /* UIImage+Utils.swift in Sources */ = {isa = PBXBuildFile; fileRef = A351A0BD232EEF52002F811A /* UIImage+Utils.swift */; };
		A351A0C6232EEF52002F811A /* Utils.swift in Sources */ = {isa = PBXBuildFile; fileRef = A351A0BE232EEF52002F811A /* Utils.swift */; };
		A351A0C7232EEF52002F811A /* Configuration.swift in Sources */ = {isa = PBXBuildFile; fileRef = A351A0BF232EEF52002F811A /* Configuration.swift */; };
		A351A0C8232EEF52002F811A /* UIFont+Traits.swift in Sources */ = {isa = PBXBuildFile; fileRef = A351A0C0232EEF52002F811A /* UIFont+Traits.swift */; };
		A351A0CA232EEFDD002F811A /* LinkViewController.swift in Sources */ = {isa = PBXBuildFile; fileRef = A351A0C9232EEFDD002F811A /* LinkViewController.swift */; };
		A3758A4723235BE100BE84F4 /* PhoneNumberViewController.swift in Sources */ = {isa = PBXBuildFile; fileRef = A3758A4623235BE100BE84F4 /* PhoneNumberViewController.swift */; };
		A3758A492323648200BE84F4 /* VCCESSCodeViewController.swift in Sources */ = {isa = PBXBuildFile; fileRef = A3758A482323648200BE84F4 /* VCCESSCodeViewController.swift */; };
		A3758A4B23236AB400BE84F4 /* AllowNotificationsViewController.swift in Sources */ = {isa = PBXBuildFile; fileRef = A3758A4A23236AB400BE84F4 /* AllowNotificationsViewController.swift */; };
		A3758A4D23236C6B00BE84F4 /* SetupWalletViewController.swift in Sources */ = {isa = PBXBuildFile; fileRef = A3758A4C23236C6B00BE84F4 /* SetupWalletViewController.swift */; };
		A3758A502323720D00BE84F4 /* UINavigationController+StatusBar.swift in Sources */ = {isa = PBXBuildFile; fileRef = A3758A4F2323720D00BE84F4 /* UINavigationController+StatusBar.swift */; };
		A3A524FE232F138800E6992C /* MainTabBarViewController.swift in Sources */ = {isa = PBXBuildFile; fileRef = A3A524FD232F138800E6992C /* MainTabBarViewController.swift */; };
		A3A52502232F13EB00E6992C /* User.swift in Sources */ = {isa = PBXBuildFile; fileRef = A3A52501232F13EB00E6992C /* User.swift */; };
		A3A52505232F254700E6992C /* Profile.storyboard in Resources */ = {isa = PBXBuildFile; fileRef = A3A52504232F254700E6992C /* Profile.storyboard */; };
		A3B13B5423307B5B00F8B9EF /* Discover.storyboard in Resources */ = {isa = PBXBuildFile; fileRef = A3B13B5323307B5B00F8B9EF /* Discover.storyboard */; };
		A3B13B5623307C2900F8B9EF /* Scanner.storyboard in Resources */ = {isa = PBXBuildFile; fileRef = A3B13B5523307C2900F8B9EF /* Scanner.storyboard */; };
		A3B13B592330899D00F8B9EF /* ScannerViewController.swift in Sources */ = {isa = PBXBuildFile; fileRef = A3B13B582330899D00F8B9EF /* ScannerViewController.swift */; };
		A3B13B5C23314C2400F8B9EF /* NFCReader.swift in Sources */ = {isa = PBXBuildFile; fileRef = A3B13B5B23314C2400F8B9EF /* NFCReader.swift */; };
		A3B5DBA4233FDD8D00569F4E /* AddPaymentViewController.swift in Sources */ = {isa = PBXBuildFile; fileRef = A3B5DBA3233FDD8D00569F4E /* AddPaymentViewController.swift */; };
/* End PBXBuildFile section */

/* Begin PBXFileReference section */
		A31042DC232F269B009CA971 /* ProfileCollectionViewController.swift */ = {isa = PBXFileReference; lastKnownFileType = sourcecode.swift; path = ProfileCollectionViewController.swift; sourceTree = "<group>"; };
		A31042E0232F2A61009CA971 /* Push.swift */ = {isa = PBXFileReference; fileEncoding = 4; lastKnownFileType = sourcecode.swift; path = Push.swift; sourceTree = "<group>"; };
		A31042E2232F2F34009CA971 /* Wallet.storyboard */ = {isa = PBXFileReference; lastKnownFileType = file.storyboard; path = Wallet.storyboard; sourceTree = "<group>"; };
		A31042E5232F3030009CA971 /* WalletViewController.swift */ = {isa = PBXFileReference; lastKnownFileType = sourcecode.swift; path = WalletViewController.swift; sourceTree = "<group>"; };
		A31A06942337EFE10024BDEF /* CollectionFeedTableViewController.swift */ = {isa = PBXFileReference; lastKnownFileType = sourcecode.swift; path = CollectionFeedTableViewController.swift; sourceTree = "<group>"; };
		A31A069A2337F17F0024BDEF /* CollectionFeedTableViewCell.swift */ = {isa = PBXFileReference; lastKnownFileType = sourcecode.swift; path = CollectionFeedTableViewCell.swift; sourceTree = "<group>"; };
		A31A069C2337F1FD0024BDEF /* CollectionItem.swift */ = {isa = PBXFileReference; lastKnownFileType = sourcecode.swift; path = CollectionItem.swift; sourceTree = "<group>"; };
		A31A069E233810E10024BDEF /* CollectionItemDetailTableViewController.swift */ = {isa = PBXFileReference; lastKnownFileType = sourcecode.swift; path = CollectionItemDetailTableViewController.swift; sourceTree = "<group>"; };
		A31A06A12338311F0024BDEF /* DiscoverTableViewController.swift */ = {isa = PBXFileReference; lastKnownFileType = sourcecode.swift; path = DiscoverTableViewController.swift; sourceTree = "<group>"; };
		A31A06A3233832590024BDEF /* DiscoverTableViewCell.swift */ = {isa = PBXFileReference; lastKnownFileType = sourcecode.swift; path = DiscoverTableViewCell.swift; sourceTree = "<group>"; };
		A31A06A6233838610024BDEF /* MessagesViewController.swift */ = {isa = PBXFileReference; lastKnownFileType = sourcecode.swift; path = MessagesViewController.swift; sourceTree = "<group>"; };
		A31A06A8233848000024BDEF /* ItemCollectionViewCell.swift */ = {isa = PBXFileReference; lastKnownFileType = sourcecode.swift; path = ItemCollectionViewCell.swift; sourceTree = "<group>"; };
		A31A14CA231E09BE004C6DAE /* VCCESS.app */ = {isa = PBXFileReference; explicitFileType = wrapper.application; includeInIndex = 0; path = VCCESS.app; sourceTree = BUILT_PRODUCTS_DIR; };
		A31A14CD231E09BE004C6DAE /* AppDelegate.swift */ = {isa = PBXFileReference; lastKnownFileType = sourcecode.swift; path = AppDelegate.swift; sourceTree = "<group>"; };
		A31A14CF231E09BE004C6DAE /* SceneDelegate.swift */ = {isa = PBXFileReference; lastKnownFileType = sourcecode.swift; path = SceneDelegate.swift; sourceTree = "<group>"; };
		A31A14D4231E09BE004C6DAE /* Base */ = {isa = PBXFileReference; lastKnownFileType = file.storyboard; name = Base; path = Base.lproj/Main.storyboard; sourceTree = "<group>"; };
		A31A14D6231E09C0004C6DAE /* Assets.xcassets */ = {isa = PBXFileReference; lastKnownFileType = folder.assetcatalog; path = Assets.xcassets; sourceTree = "<group>"; };
		A31A14D9231E09C0004C6DAE /* Base */ = {isa = PBXFileReference; lastKnownFileType = file.storyboard; name = Base; path = Base.lproj/LaunchScreen.storyboard; sourceTree = "<group>"; };
		A31A14DB231E09C0004C6DAE /* Info.plist */ = {isa = PBXFileReference; lastKnownFileType = text.plist.xml; path = Info.plist; sourceTree = "<group>"; };
		A31A14E2231E0BDC004C6DAE /* Registration.storyboard */ = {isa = PBXFileReference; lastKnownFileType = file.storyboard; path = Registration.storyboard; sourceTree = "<group>"; };
		A31A14E5231E0D4A004C6DAE /* IntroViewController.swift */ = {isa = PBXFileReference; lastKnownFileType = sourcecode.swift; path = IntroViewController.swift; sourceTree = "<group>"; };
		A31A14E7231E12BB004C6DAE /* SignUpTableViewController.swift */ = {isa = PBXFileReference; lastKnownFileType = sourcecode.swift; path = SignUpTableViewController.swift; sourceTree = "<group>"; };
		A31A14E9231E12C6004C6DAE /* SignInViewController.swift */ = {isa = PBXFileReference; lastKnownFileType = sourcecode.swift; path = SignInViewController.swift; sourceTree = "<group>"; };
		A32665642330795200DF7362 /* Shop.storyboard */ = {isa = PBXFileReference; lastKnownFileType = file.storyboard; path = Shop.storyboard; sourceTree = "<group>"; };
		A326656623307A3A00DF7362 /* Bag.storyboard */ = {isa = PBXFileReference; lastKnownFileType = file.storyboard; path = Bag.storyboard; sourceTree = "<group>"; };
		A351A0B9232EEF52002F811A /* ImageService.swift */ = {isa = PBXFileReference; fileEncoding = 4; lastKnownFileType = sourcecode.swift; path = ImageService.swift; sourceTree = "<group>"; };
		A351A0BA232EEF52002F811A /* ActivityManager.swift */ = {isa = PBXFileReference; fileEncoding = 4; lastKnownFileType = sourcecode.swift; path = ActivityManager.swift; sourceTree = "<group>"; };
		A351A0BB232EEF52002F811A /* Network.swift */ = {isa = PBXFileReference; fileEncoding = 4; lastKnownFileType = sourcecode.swift; path = Network.swift; sourceTree = "<group>"; };
		A351A0BC232EEF52002F811A /* KeychainWrapper.swift */ = {isa = PBXFileReference; fileEncoding = 4; lastKnownFileType = sourcecode.swift; path = KeychainWrapper.swift; sourceTree = "<group>"; };
		A351A0BD232EEF52002F811A /* UIImage+Utils.swift */ = {isa = PBXFileReference; fileEncoding = 4; lastKnownFileType = sourcecode.swift; path = "UIImage+Utils.swift"; sourceTree = "<group>"; };
		A351A0BE232EEF52002F811A /* Utils.swift */ = {isa = PBXFileReference; fileEncoding = 4; lastKnownFileType = sourcecode.swift; path = Utils.swift; sourceTree = "<group>"; };
		A351A0BF232EEF52002F811A /* Configuration.swift */ = {isa = PBXFileReference; fileEncoding = 4; lastKnownFileType = sourcecode.swift; path = Configuration.swift; sourceTree = "<group>"; };
		A351A0C0232EEF52002F811A /* UIFont+Traits.swift */ = {isa = PBXFileReference; fileEncoding = 4; lastKnownFileType = sourcecode.swift; path = "UIFont+Traits.swift"; sourceTree = "<group>"; };
		A351A0C9232EEFDD002F811A /* LinkViewController.swift */ = {isa = PBXFileReference; fileEncoding = 4; lastKnownFileType = sourcecode.swift; path = LinkViewController.swift; sourceTree = "<group>"; };
		A3758A4623235BE100BE84F4 /* PhoneNumberViewController.swift */ = {isa = PBXFileReference; lastKnownFileType = sourcecode.swift; path = PhoneNumberViewController.swift; sourceTree = "<group>"; };
		A3758A482323648200BE84F4 /* VCCESSCodeViewController.swift */ = {isa = PBXFileReference; lastKnownFileType = sourcecode.swift; path = VCCESSCodeViewController.swift; sourceTree = "<group>"; };
		A3758A4A23236AB400BE84F4 /* AllowNotificationsViewController.swift */ = {isa = PBXFileReference; lastKnownFileType = sourcecode.swift; path = AllowNotificationsViewController.swift; sourceTree = "<group>"; };
		A3758A4C23236C6B00BE84F4 /* SetupWalletViewController.swift */ = {isa = PBXFileReference; lastKnownFileType = sourcecode.swift; path = SetupWalletViewController.swift; sourceTree = "<group>"; };
		A3758A4F2323720D00BE84F4 /* UINavigationController+StatusBar.swift */ = {isa = PBXFileReference; lastKnownFileType = sourcecode.swift; path = "UINavigationController+StatusBar.swift"; sourceTree = "<group>"; };
		A3A524FD232F138800E6992C /* MainTabBarViewController.swift */ = {isa = PBXFileReference; lastKnownFileType = sourcecode.swift; path = MainTabBarViewController.swift; sourceTree = "<group>"; };
		A3A52501232F13EB00E6992C /* User.swift */ = {isa = PBXFileReference; fileEncoding = 4; lastKnownFileType = sourcecode.swift; path = User.swift; sourceTree = "<group>"; };
		A3A52504232F254700E6992C /* Profile.storyboard */ = {isa = PBXFileReference; lastKnownFileType = file.storyboard; path = Profile.storyboard; sourceTree = "<group>"; };
		A3B13B5323307B5B00F8B9EF /* Discover.storyboard */ = {isa = PBXFileReference; lastKnownFileType = file.storyboard; path = Discover.storyboard; sourceTree = "<group>"; };
		A3B13B5523307C2900F8B9EF /* Scanner.storyboard */ = {isa = PBXFileReference; lastKnownFileType = file.storyboard; path = Scanner.storyboard; sourceTree = "<group>"; };
		A3B13B582330899D00F8B9EF /* ScannerViewController.swift */ = {isa = PBXFileReference; lastKnownFileType = sourcecode.swift; path = ScannerViewController.swift; sourceTree = "<group>"; };
		A3B13B5A233092E900F8B9EF /* VCCESS.entitlements */ = {isa = PBXFileReference; lastKnownFileType = text.plist.entitlements; path = VCCESS.entitlements; sourceTree = "<group>"; };
		A3B13B5B23314C2400F8B9EF /* NFCReader.swift */ = {isa = PBXFileReference; lastKnownFileType = sourcecode.swift; path = NFCReader.swift; sourceTree = "<group>"; };
		A3B13B5E23314D4B00F8B9EF /* CoreNFC.framework */ = {isa = PBXFileReference; lastKnownFileType = wrapper.framework; name = CoreNFC.framework; path = System/Library/Frameworks/CoreNFC.framework; sourceTree = SDKROOT; };
		A3B5DBA3233FDD8D00569F4E /* AddPaymentViewController.swift */ = {isa = PBXFileReference; lastKnownFileType = sourcecode.swift; path = AddPaymentViewController.swift; sourceTree = "<group>"; };
/* End PBXFileReference section */

/* Begin PBXFrameworksBuildPhase section */
		A31A14C7231E09BE004C6DAE /* Frameworks */ = {
			isa = PBXFrameworksBuildPhase;
			buildActionMask = 2147483647;
			files = (
			);
			runOnlyForDeploymentPostprocessing = 0;
		};
/* End PBXFrameworksBuildPhase section */

/* Begin PBXGroup section */
		A31042E4232F3000009CA971 /* Wallet */ = {
			isa = PBXGroup;
			children = (
				A3B5DBA3233FDD8D00569F4E /* AddPaymentViewController.swift */,
				A31042E5232F3030009CA971 /* WalletViewController.swift */,
			);
			path = Wallet;
			sourceTree = "<group>";
		};
		A31A06932337EFC60024BDEF /* CollectionFeed */ = {
			isa = PBXGroup;
			children = (
				A31A06942337EFE10024BDEF /* CollectionFeedTableViewController.swift */,
				A31A069A2337F17F0024BDEF /* CollectionFeedTableViewCell.swift */,
				A31A069E233810E10024BDEF /* CollectionItemDetailTableViewController.swift */,
			);
			path = CollectionFeed;
			sourceTree = "<group>";
		};
		A31A06A0233830D90024BDEF /* Discover */ = {
			isa = PBXGroup;
			children = (
				A31A06A12338311F0024BDEF /* DiscoverTableViewController.swift */,
				A31A06A3233832590024BDEF /* DiscoverTableViewCell.swift */,
			);
			path = Discover;
			sourceTree = "<group>";
		};
		A31A06A5233838480024BDEF /* Bag */ = {
			isa = PBXGroup;
			children = (
				A31A06A6233838610024BDEF /* MessagesViewController.swift */,
			);
			path = Bag;
			sourceTree = "<group>";
		};
		A31A14C1231E09BE004C6DAE = {
			isa = PBXGroup;
			children = (
				A31A14CC231E09BE004C6DAE /* VCCESS */,
				A31A14CB231E09BE004C6DAE /* Products */,
				A3B13B5D23314D4B00F8B9EF /* Frameworks */,
			);
			sourceTree = "<group>";
		};
		A31A14CB231E09BE004C6DAE /* Products */ = {
			isa = PBXGroup;
			children = (
				A31A14CA231E09BE004C6DAE /* VCCESS.app */,
			);
			name = Products;
			sourceTree = "<group>";
		};
		A31A14CC231E09BE004C6DAE /* VCCESS */ = {
			isa = PBXGroup;
			children = (
				A3B13B5A233092E900F8B9EF /* VCCESS.entitlements */,
				A31A14E1231E0BBC004C6DAE /* Resources */,
				A3A52500232F13EB00E6992C /* Model */,
				A351A0B8232EEF52002F811A /* Utils */,
				A31A14E4231E0D34004C6DAE /* UI */,
				A31A14CD231E09BE004C6DAE /* AppDelegate.swift */,
				A31A14CF231E09BE004C6DAE /* SceneDelegate.swift */,
				A31A14DB231E09C0004C6DAE /* Info.plist */,
			);
			path = VCCESS;
			sourceTree = "<group>";
		};
		A31A14E1231E0BBC004C6DAE /* Resources */ = {
			isa = PBXGroup;
			children = (
				A31A14D6231E09C0004C6DAE /* Assets.xcassets */,
				A326656623307A3A00DF7362 /* Bag.storyboard */,
				A3B13B5323307B5B00F8B9EF /* Discover.storyboard */,
				A31A14D8231E09C0004C6DAE /* LaunchScreen.storyboard */,
				A31A14D3231E09BE004C6DAE /* Main.storyboard */,
				A3A52504232F254700E6992C /* Profile.storyboard */,
				A31A14E2231E0BDC004C6DAE /* Registration.storyboard */,
				A3B13B5523307C2900F8B9EF /* Scanner.storyboard */,
				A32665642330795200DF7362 /* Shop.storyboard */,
				A31042E2232F2F34009CA971 /* Wallet.storyboard */,
			);
			path = Resources;
			sourceTree = "<group>";
		};
		A31A14E4231E0D34004C6DAE /* UI */ = {
			isa = PBXGroup;
			children = (
				A3A524FF232F139600E6992C /* Bak */,
				A31A06A5233838480024BDEF /* Bag */,
				A31A06932337EFC60024BDEF /* CollectionFeed */,
				A3758A4E232371F800BE84F4 /* Extensions */,
				A31A06A0233830D90024BDEF /* Discover */,
				A3A52503232F24E800E6992C /* Profile */,
				A3B13B572330898C00F8B9EF /* Scanner */,
				A31042E4232F3000009CA971 /* Wallet */,
				A34AA5B1232F03820014B65B /* Registration */,
			);
			path = UI;
			sourceTree = "<group>";
		};
		A34AA5B1232F03820014B65B /* Registration */ = {
			isa = PBXGroup;
			children = (
				A3758A4A23236AB400BE84F4 /* AllowNotificationsViewController.swift */,
				A351A0C9232EEFDD002F811A /* LinkViewController.swift */,
				A3758A4623235BE100BE84F4 /* PhoneNumberViewController.swift */,
				A3758A4C23236C6B00BE84F4 /* SetupWalletViewController.swift */,
				A31A14E9231E12C6004C6DAE /* SignInViewController.swift */,
				A31A14E7231E12BB004C6DAE /* SignUpTableViewController.swift */,
				A3758A482323648200BE84F4 /* VCCESSCodeViewController.swift */,
			);
			path = Registration;
			sourceTree = "<group>";
		};
		A351A0B8232EEF52002F811A /* Utils */ = {
			isa = PBXGroup;
			children = (
				A351A0BA232EEF52002F811A /* ActivityManager.swift */,
				A351A0BF232EEF52002F811A /* Configuration.swift */,
				A351A0B9232EEF52002F811A /* ImageService.swift */,
				A351A0BC232EEF52002F811A /* KeychainWrapper.swift */,
				A351A0BB232EEF52002F811A /* Network.swift */,
				A3B13B5B23314C2400F8B9EF /* NFCReader.swift */,
				A351A0C0232EEF52002F811A /* UIFont+Traits.swift */,
				A351A0BD232EEF52002F811A /* UIImage+Utils.swift */,
				A351A0BE232EEF52002F811A /* Utils.swift */,
			);
			path = Utils;
			sourceTree = "<group>";
		};
		A3758A4E232371F800BE84F4 /* Extensions */ = {
			isa = PBXGroup;
			children = (
				A3A524FD232F138800E6992C /* MainTabBarViewController.swift */,
				A3758A4F2323720D00BE84F4 /* UINavigationController+StatusBar.swift */,
			);
			path = Extensions;
			sourceTree = "<group>";
		};
		A3A524FF232F139600E6992C /* Bak */ = {
			isa = PBXGroup;
			children = (
				A31A14E5231E0D4A004C6DAE /* IntroViewController.swift */,
			);
			path = Bak;
			sourceTree = "<group>";
		};
		A3A52500232F13EB00E6992C /* Model */ = {
			isa = PBXGroup;
			children = (
				A31A069C2337F1FD0024BDEF /* CollectionItem.swift */,
				A31042E0232F2A61009CA971 /* Push.swift */,
				A3A52501232F13EB00E6992C /* User.swift */,
			);
			path = Model;
			sourceTree = "<group>";
		};
		A3A52503232F24E800E6992C /* Profile */ = {
			isa = PBXGroup;
			children = (
				A31042DC232F269B009CA971 /* ProfileCollectionViewController.swift */,
				A31A06A8233848000024BDEF /* ItemCollectionViewCell.swift */,
			);
			path = Profile;
			sourceTree = "<group>";
		};
		A3B13B572330898C00F8B9EF /* Scanner */ = {
			isa = PBXGroup;
			children = (
				A3B13B582330899D00F8B9EF /* ScannerViewController.swift */,
			);
			path = Scanner;
			sourceTree = "<group>";
		};
		A3B13B5D23314D4B00F8B9EF /* Frameworks */ = {
			isa = PBXGroup;
			children = (
				A3B13B5E23314D4B00F8B9EF /* CoreNFC.framework */,
			);
			name = Frameworks;
			sourceTree = "<group>";
		};
/* End PBXGroup section */

/* Begin PBXNativeTarget section */
		A31A14C9231E09BE004C6DAE /* VCCESS */ = {
			isa = PBXNativeTarget;
			buildConfigurationList = A31A14DE231E09C0004C6DAE /* Build configuration list for PBXNativeTarget "VCCESS" */;
			buildPhases = (
				A31A14C6231E09BE004C6DAE /* Sources */,
				A31A14C7231E09BE004C6DAE /* Frameworks */,
				A31A14C8231E09BE004C6DAE /* Resources */,
			);
			buildRules = (
			);
			dependencies = (
			);
			name = VCCESS;
			productName = VCCESS;
			productReference = A31A14CA231E09BE004C6DAE /* VCCESS.app */;
			productType = "com.apple.product-type.application";
		};
/* End PBXNativeTarget section */

/* Begin PBXProject section */
		A31A14C2231E09BE004C6DAE /* Project object */ = {
			isa = PBXProject;
			attributes = {
				LastSwiftUpdateCheck = 1100;
				LastUpgradeCheck = 1100;
				ORGANIZATIONNAME = "Todd Mathison";
				TargetAttributes = {
					A31A14C9231E09BE004C6DAE = {
						CreatedOnToolsVersion = 11.0;
					};
				};
			};
			buildConfigurationList = A31A14C5231E09BE004C6DAE /* Build configuration list for PBXProject "VCCESS" */;
			compatibilityVersion = "Xcode 9.3";
			developmentRegion = en;
			hasScannedForEncodings = 0;
			knownRegions = (
				en,
				Base,
			);
			mainGroup = A31A14C1231E09BE004C6DAE;
			productRefGroup = A31A14CB231E09BE004C6DAE /* Products */;
			projectDirPath = "";
			projectRoot = "";
			targets = (
				A31A14C9231E09BE004C6DAE /* VCCESS */,
			);
		};
/* End PBXProject section */

/* Begin PBXResourcesBuildPhase section */
		A31A14C8231E09BE004C6DAE /* Resources */ = {
			isa = PBXResourcesBuildPhase;
			buildActionMask = 2147483647;
			files = (
				A31A14DA231E09C0004C6DAE /* LaunchScreen.storyboard in Resources */,
				A31A14E3231E0BDC004C6DAE /* Registration.storyboard in Resources */,
				A3A52505232F254700E6992C /* Profile.storyboard in Resources */,
				A3B13B5623307C2900F8B9EF /* Scanner.storyboard in Resources */,
				A31A14D7231E09C0004C6DAE /* Assets.xcassets in Resources */,
				A32665652330795200DF7362 /* Shop.storyboard in Resources */,
				A31A14D5231E09BE004C6DAE /* Main.storyboard in Resources */,
				A31042E3232F2F34009CA971 /* Wallet.storyboard in Resources */,
				A326656723307A3A00DF7362 /* Bag.storyboard in Resources */,
				A3B13B5423307B5B00F8B9EF /* Discover.storyboard in Resources */,
			);
			runOnlyForDeploymentPostprocessing = 0;
		};
/* End PBXResourcesBuildPhase section */

/* Begin PBXSourcesBuildPhase section */
		A31A14C6231E09BE004C6DAE /* Sources */ = {
			isa = PBXSourcesBuildPhase;
			buildActionMask = 2147483647;
			files = (
				A3758A502323720D00BE84F4 /* UINavigationController+StatusBar.swift in Sources */,
				A31A069B2337F17F0024BDEF /* CollectionFeedTableViewCell.swift in Sources */,
				A31A14E8231E12BB004C6DAE /* SignUpTableViewController.swift in Sources */,
				A3A524FE232F138800E6992C /* MainTabBarViewController.swift in Sources */,
				A3758A492323648200BE84F4 /* VCCESSCodeViewController.swift in Sources */,
				A3758A4D23236C6B00BE84F4 /* SetupWalletViewController.swift in Sources */,
				A351A0C1232EEF52002F811A /* ImageService.swift in Sources */,
				A31A06A9233848000024BDEF /* ItemCollectionViewCell.swift in Sources */,
				A31A14CE231E09BE004C6DAE /* AppDelegate.swift in Sources */,
				A31A14D0231E09BE004C6DAE /* SceneDelegate.swift in Sources */,
				A31A06952337EFE10024BDEF /* CollectionFeedTableViewController.swift in Sources */,
				A31A06A22338311F0024BDEF /* DiscoverTableViewController.swift in Sources */,
				A31042E6232F3030009CA971 /* WalletViewController.swift in Sources */,
				A3758A4723235BE100BE84F4 /* PhoneNumberViewController.swift in Sources */,
				A3A52502232F13EB00E6992C /* User.swift in Sources */,
				A351A0C6232EEF52002F811A /* Utils.swift in Sources */,
				A351A0C4232EEF52002F811A /* KeychainWrapper.swift in Sources */,
				A31042E1232F2A61009CA971 /* Push.swift in Sources */,
				A31A14E6231E0D4A004C6DAE /* IntroViewController.swift in Sources */,
				A3B5DBA4233FDD8D00569F4E /* AddPaymentViewController.swift in Sources */,
				A351A0CA232EEFDD002F811A /* LinkViewController.swift in Sources */,
				A351A0C8232EEF52002F811A /* UIFont+Traits.swift in Sources */,
				A351A0C7232EEF52002F811A /* Configuration.swift in Sources */,
				A31042DD232F269B009CA971 /* ProfileCollectionViewController.swift in Sources */,
				A351A0C5232EEF52002F811A /* UIImage+Utils.swift in Sources */,
				A351A0C2232EEF52002F811A /* ActivityManager.swift in Sources */,
				A31A06A4233832590024BDEF /* DiscoverTableViewCell.swift in Sources */,
				A31A06A7233838610024BDEF /* MessagesViewController.swift in Sources */,
				A31A069D2337F1FD0024BDEF /* CollectionItem.swift in Sources */,
				A31A14EA231E12C6004C6DAE /* SignInViewController.swift in Sources */,
				A31A069F233810E10024BDEF /* CollectionItemDetailTableViewController.swift in Sources */,
				A3B13B5C23314C2400F8B9EF /* NFCReader.swift in Sources */,
				A3B13B592330899D00F8B9EF /* ScannerViewController.swift in Sources */,
				A351A0C3232EEF52002F811A /* Network.swift in Sources */,
				A3758A4B23236AB400BE84F4 /* AllowNotificationsViewController.swift in Sources */,
			);
			runOnlyForDeploymentPostprocessing = 0;
		};
/* End PBXSourcesBuildPhase section */

/* Begin PBXVariantGroup section */
		A31A14D3231E09BE004C6DAE /* Main.storyboard */ = {
			isa = PBXVariantGroup;
			children = (
				A31A14D4231E09BE004C6DAE /* Base */,
			);
			name = Main.storyboard;
			sourceTree = "<group>";
		};
		A31A14D8231E09C0004C6DAE /* LaunchScreen.storyboard */ = {
			isa = PBXVariantGroup;
			children = (
				A31A14D9231E09C0004C6DAE /* Base */,
			);
			name = LaunchScreen.storyboard;
			sourceTree = "<group>";
		};
/* End PBXVariantGroup section */

/* Begin XCBuildConfiguration section */
		A31A14DC231E09C0004C6DAE /* Debug */ = {
			isa = XCBuildConfiguration;
			buildSettings = {
				ALWAYS_SEARCH_USER_PATHS = NO;
				CLANG_ANALYZER_NONNULL = YES;
				CLANG_ANALYZER_NUMBER_OBJECT_CONVERSION = YES_AGGRESSIVE;
				CLANG_CXX_LANGUAGE_STANDARD = "gnu++14";
				CLANG_CXX_LIBRARY = "libc++";
				CLANG_ENABLE_MODULES = YES;
				CLANG_ENABLE_OBJC_ARC = YES;
				CLANG_ENABLE_OBJC_WEAK = YES;
				CLANG_WARN_BLOCK_CAPTURE_AUTORELEASING = YES;
				CLANG_WARN_BOOL_CONVERSION = YES;
				CLANG_WARN_COMMA = YES;
				CLANG_WARN_CONSTANT_CONVERSION = YES;
				CLANG_WARN_DEPRECATED_OBJC_IMPLEMENTATIONS = YES;
				CLANG_WARN_DIRECT_OBJC_ISA_USAGE = YES_ERROR;
				CLANG_WARN_DOCUMENTATION_COMMENTS = YES;
				CLANG_WARN_EMPTY_BODY = YES;
				CLANG_WARN_ENUM_CONVERSION = YES;
				CLANG_WARN_INFINITE_RECURSION = YES;
				CLANG_WARN_INT_CONVERSION = YES;
				CLANG_WARN_NON_LITERAL_NULL_CONVERSION = YES;
				CLANG_WARN_OBJC_IMPLICIT_RETAIN_SELF = YES;
				CLANG_WARN_OBJC_LITERAL_CONVERSION = YES;
				CLANG_WARN_OBJC_ROOT_CLASS = YES_ERROR;
				CLANG_WARN_RANGE_LOOP_ANALYSIS = YES;
				CLANG_WARN_STRICT_PROTOTYPES = YES;
				CLANG_WARN_SUSPICIOUS_MOVE = YES;
				CLANG_WARN_UNGUARDED_AVAILABILITY = YES_AGGRESSIVE;
				CLANG_WARN_UNREACHABLE_CODE = YES;
				CLANG_WARN__DUPLICATE_METHOD_MATCH = YES;
				COPY_PHASE_STRIP = NO;
				DEBUG_INFORMATION_FORMAT = dwarf;
				ENABLE_STRICT_OBJC_MSGSEND = YES;
				ENABLE_TESTABILITY = YES;
				GCC_C_LANGUAGE_STANDARD = gnu11;
				GCC_DYNAMIC_NO_PIC = NO;
				GCC_NO_COMMON_BLOCKS = YES;
				GCC_OPTIMIZATION_LEVEL = 0;
				GCC_PREPROCESSOR_DEFINITIONS = (
					"DEBUG=1",
					"$(inherited)",
				);
				GCC_WARN_64_TO_32_BIT_CONVERSION = YES;
				GCC_WARN_ABOUT_RETURN_TYPE = YES_ERROR;
				GCC_WARN_UNDECLARED_SELECTOR = YES;
				GCC_WARN_UNINITIALIZED_AUTOS = YES_AGGRESSIVE;
				GCC_WARN_UNUSED_FUNCTION = YES;
				GCC_WARN_UNUSED_VARIABLE = YES;
				IPHONEOS_DEPLOYMENT_TARGET = 13.0;
				MTL_ENABLE_DEBUG_INFO = INCLUDE_SOURCE;
				MTL_FAST_MATH = YES;
				ONLY_ACTIVE_ARCH = YES;
				SDKROOT = iphoneos;
				SWIFT_ACTIVE_COMPILATION_CONDITIONS = DEBUG;
				SWIFT_OPTIMIZATION_LEVEL = "-Onone";
			};
			name = Debug;
		};
		A31A14DD231E09C0004C6DAE /* Release */ = {
			isa = XCBuildConfiguration;
			buildSettings = {
				ALWAYS_SEARCH_USER_PATHS = NO;
				CLANG_ANALYZER_NONNULL = YES;
				CLANG_ANALYZER_NUMBER_OBJECT_CONVERSION = YES_AGGRESSIVE;
				CLANG_CXX_LANGUAGE_STANDARD = "gnu++14";
				CLANG_CXX_LIBRARY = "libc++";
				CLANG_ENABLE_MODULES = YES;
				CLANG_ENABLE_OBJC_ARC = YES;
				CLANG_ENABLE_OBJC_WEAK = YES;
				CLANG_WARN_BLOCK_CAPTURE_AUTORELEASING = YES;
				CLANG_WARN_BOOL_CONVERSION = YES;
				CLANG_WARN_COMMA = YES;
				CLANG_WARN_CONSTANT_CONVERSION = YES;
				CLANG_WARN_DEPRECATED_OBJC_IMPLEMENTATIONS = YES;
				CLANG_WARN_DIRECT_OBJC_ISA_USAGE = YES_ERROR;
				CLANG_WARN_DOCUMENTATION_COMMENTS = YES;
				CLANG_WARN_EMPTY_BODY = YES;
				CLANG_WARN_ENUM_CONVERSION = YES;
				CLANG_WARN_INFINITE_RECURSION = YES;
				CLANG_WARN_INT_CONVERSION = YES;
				CLANG_WARN_NON_LITERAL_NULL_CONVERSION = YES;
				CLANG_WARN_OBJC_IMPLICIT_RETAIN_SELF = YES;
				CLANG_WARN_OBJC_LITERAL_CONVERSION = YES;
				CLANG_WARN_OBJC_ROOT_CLASS = YES_ERROR;
				CLANG_WARN_RANGE_LOOP_ANALYSIS = YES;
				CLANG_WARN_STRICT_PROTOTYPES = YES;
				CLANG_WARN_SUSPICIOUS_MOVE = YES;
				CLANG_WARN_UNGUARDED_AVAILABILITY = YES_AGGRESSIVE;
				CLANG_WARN_UNREACHABLE_CODE = YES;
				CLANG_WARN__DUPLICATE_METHOD_MATCH = YES;
				COPY_PHASE_STRIP = NO;
				DEBUG_INFORMATION_FORMAT = "dwarf-with-dsym";
				ENABLE_NS_ASSERTIONS = NO;
				ENABLE_STRICT_OBJC_MSGSEND = YES;
				GCC_C_LANGUAGE_STANDARD = gnu11;
				GCC_NO_COMMON_BLOCKS = YES;
				GCC_WARN_64_TO_32_BIT_CONVERSION = YES;
				GCC_WARN_ABOUT_RETURN_TYPE = YES_ERROR;
				GCC_WARN_UNDECLARED_SELECTOR = YES;
				GCC_WARN_UNINITIALIZED_AUTOS = YES_AGGRESSIVE;
				GCC_WARN_UNUSED_FUNCTION = YES;
				GCC_WARN_UNUSED_VARIABLE = YES;
				IPHONEOS_DEPLOYMENT_TARGET = 13.0;
				MTL_ENABLE_DEBUG_INFO = NO;
				MTL_FAST_MATH = YES;
				SDKROOT = iphoneos;
				SWIFT_COMPILATION_MODE = wholemodule;
				SWIFT_OPTIMIZATION_LEVEL = "-O";
				VALIDATE_PRODUCT = YES;
			};
			name = Release;
		};
		A31A14DF231E09C0004C6DAE /* Debug */ = {
			isa = XCBuildConfiguration;
			buildSettings = {
				ASSETCATALOG_COMPILER_APPICON_NAME = AppIcon;
				CODE_SIGN_ENTITLEMENTS = VCCESS/VCCESS.entitlements;
				CODE_SIGN_STYLE = Automatic;
				DEVELOPMENT_TEAM = Y7PLD2N9KF;
				INFOPLIST_FILE = VCCESS/Info.plist;
				LD_RUNPATH_SEARCH_PATHS = (
					"$(inherited)",
					"@executable_path/Frameworks",
				);
				PRODUCT_BUNDLE_IDENTIFIER = com.mathisonsoftware.VCCESS;
				PRODUCT_NAME = "$(TARGET_NAME)";
				SWIFT_VERSION = 5.0;
				TARGETED_DEVICE_FAMILY = 1;
			};
			name = Debug;
		};
		A31A14E0231E09C0004C6DAE /* Release */ = {
			isa = XCBuildConfiguration;
			buildSettings = {
				ASSETCATALOG_COMPILER_APPICON_NAME = AppIcon;
				CODE_SIGN_ENTITLEMENTS = VCCESS/VCCESS.entitlements;
				CODE_SIGN_STYLE = Automatic;
				DEVELOPMENT_TEAM = Y7PLD2N9KF;
				INFOPLIST_FILE = VCCESS/Info.plist;
				LD_RUNPATH_SEARCH_PATHS = (
					"$(inherited)",
					"@executable_path/Frameworks",
				);
				PRODUCT_BUNDLE_IDENTIFIER = com.mathisonsoftware.VCCESS;
				PRODUCT_NAME = "$(TARGET_NAME)";
				SWIFT_VERSION = 5.0;
				TARGETED_DEVICE_FAMILY = 1;
			};
			name = Release;
		};
/* End XCBuildConfiguration section */

/* Begin XCConfigurationList section */
		A31A14C5231E09BE004C6DAE /* Build configuration list for PBXProject "VCCESS" */ = {
			isa = XCConfigurationList;
			buildConfigurations = (
				A31A14DC231E09C0004C6DAE /* Debug */,
				A31A14DD231E09C0004C6DAE /* Release */,
			);
			defaultConfigurationIsVisible = 0;
			defaultConfigurationName = Release;
		};
		A31A14DE231E09C0004C6DAE /* Build configuration list for PBXNativeTarget "VCCESS" */ = {
			isa = XCConfigurationList;
			buildConfigurations = (
				A31A14DF231E09C0004C6DAE /* Debug */,
				A31A14E0231E09C0004C6DAE /* Release */,
			);
			defaultConfigurationIsVisible = 0;
			defaultConfigurationName = Release;
		};
/* End XCConfigurationList section */
	};
	rootObject = A31A14C2231E09BE004C6DAE /* Project object */;
}
